// !$*UTF8*$!
{
	archiveVersion = 1;
	classes = {
	};
	objectVersion = 56;
	objects = {

/* Begin PBXBuildFile section */
		9F5969B22959BD3400E646B7 /* AppDelegate.swift in Sources */ = {isa = PBXBuildFile; fileRef = 9F5969B12959BD3400E646B7 /* AppDelegate.swift */; };
		9F5969B42959BD3400E646B7 /* SceneDelegate.swift in Sources */ = {isa = PBXBuildFile; fileRef = 9F5969B32959BD3400E646B7 /* SceneDelegate.swift */; };
		9F5969B62959BD3400E646B7 /* ViewController.swift in Sources */ = {isa = PBXBuildFile; fileRef = 9F5969B52959BD3400E646B7 /* ViewController.swift */; };
		9F5969B92959BD3400E646B7 /* Main.storyboard in Resources */ = {isa = PBXBuildFile; fileRef = 9F5969B72959BD3400E646B7 /* Main.storyboard */; };
		9F5969BB2959BD3700E646B7 /* Assets.xcassets in Resources */ = {isa = PBXBuildFile; fileRef = 9F5969BA2959BD3700E646B7 /* Assets.xcassets */; };
		9F5969BE2959BD3700E646B7 /* LaunchScreen.storyboard in Resources */ = {isa = PBXBuildFile; fileRef = 9F5969BC2959BD3700E646B7 /* LaunchScreen.storyboard */; };
		9F5969C92959BD3700E646B7 /* Ridwan_TestTests.swift in Sources */ = {isa = PBXBuildFile; fileRef = 9F5969C82959BD3700E646B7 /* Ridwan_TestTests.swift */; };
		9F5969D32959BD3700E646B7 /* Ridwan_TestUITests.swift in Sources */ = {isa = PBXBuildFile; fileRef = 9F5969D22959BD3700E646B7 /* Ridwan_TestUITests.swift */; };
		9F5969D52959BD3700E646B7 /* Ridwan_TestUITestsLaunchTests.swift in Sources */ = {isa = PBXBuildFile; fileRef = 9F5969D42959BD3700E646B7 /* Ridwan_TestUITestsLaunchTests.swift */; };
/* End PBXBuildFile section */

/* Begin PBXContainerItemProxy section */
		9F5969C52959BD3700E646B7 /* PBXContainerItemProxy */ = {
			isa = PBXContainerItemProxy;
			containerPortal = 9F5969A62959BD3400E646B7 /* Project object */;
			proxyType = 1;
			remoteGlobalIDString = 9F5969AD2959BD3400E646B7;
			remoteInfo = "Ridwan-Test";
		};
		9F5969CF2959BD3700E646B7 /* PBXContainerItemProxy */ = {
			isa = PBXContainerItemProxy;
			containerPortal = 9F5969A62959BD3400E646B7 /* Project object */;
			proxyType = 1;
			remoteGlobalIDString = 9F5969AD2959BD3400E646B7;
			remoteInfo = "Ridwan-Test";
		};
/* End PBXContainerItemProxy section */

/* Begin PBXFileReference section */
		9F5969AE2959BD3400E646B7 /* Ridwan-Test.app */ = {isa = PBXFileReference; explicitFileType = wrapper.application; includeInIndex = 0; path = "Ridwan-Test.app"; sourceTree = BUILT_PRODUCTS_DIR; };
		9F5969B12959BD3400E646B7 /* AppDelegate.swift */ = {isa = PBXFileReference; lastKnownFileType = sourcecode.swift; path = AppDelegate.swift; sourceTree = "<group>"; };
		9F5969B32959BD3400E646B7 /* SceneDelegate.swift */ = {isa = PBXFileReference; lastKnownFileType = sourcecode.swift; path = SceneDelegate.swift; sourceTree = "<group>"; };
		9F5969B52959BD3400E646B7 /* ViewController.swift */ = {isa = PBXFileReference; lastKnownFileType = sourcecode.swift; path = ViewController.swift; sourceTree = "<group>"; };
		9F5969B82959BD3400E646B7 /* Base */ = {isa = PBXFileReference; lastKnownFileType = file.storyboard; name = Base; path = Base.lproj/Main.storyboard; sourceTree = "<group>"; };
		9F5969BA2959BD3700E646B7 /* Assets.xcassets */ = {isa = PBXFileReference; lastKnownFileType = folder.assetcatalog; path = Assets.xcassets; sourceTree = "<group>"; };
		9F5969BD2959BD3700E646B7 /* Base */ = {isa = PBXFileReference; lastKnownFileType = file.storyboard; name = Base; path = Base.lproj/LaunchScreen.storyboard; sourceTree = "<group>"; };
		9F5969BF2959BD3700E646B7 /* Info.plist */ = {isa = PBXFileReference; lastKnownFileType = text.plist.xml; path = Info.plist; sourceTree = "<group>"; };
		9F5969C42959BD3700E646B7 /* Ridwan-TestTests.xctest */ = {isa = PBXFileReference; explicitFileType = wrapper.cfbundle; includeInIndex = 0; path = "Ridwan-TestTests.xctest"; sourceTree = BUILT_PRODUCTS_DIR; };
		9F5969C82959BD3700E646B7 /* Ridwan_TestTests.swift */ = {isa = PBXFileReference; lastKnownFileType = sourcecode.swift; path = Ridwan_TestTests.swift; sourceTree = "<group>"; };
		9F5969CE2959BD3700E646B7 /* Ridwan-TestUITests.xctest */ = {isa = PBXFileReference; explicitFileType = wrapper.cfbundle; includeInIndex = 0; path = "Ridwan-TestUITests.xctest"; sourceTree = BUILT_PRODUCTS_DIR; };
		9F5969D22959BD3700E646B7 /* Ridwan_TestUITests.swift */ = {isa = PBXFileReference; lastKnownFileType = sourcecode.swift; path = Ridwan_TestUITests.swift; sourceTree = "<group>"; };
		9F5969D42959BD3700E646B7 /* Ridwan_TestUITestsLaunchTests.swift */ = {isa = PBXFileReference; lastKnownFileType = sourcecode.swift; path = Ridwan_TestUITestsLaunchTests.swift; sourceTree = "<group>"; };
/* End PBXFileReference section */

/* Begin PBXFrameworksBuildPhase section */
		9F5969AB2959BD3400E646B7 /* Frameworks */ = {
			isa = PBXFrameworksBuildPhase;
			buildActionMask = 2147483647;
			files = (
			);
			runOnlyForDeploymentPostprocessing = 0;
		};
		9F5969C12959BD3700E646B7 /* Frameworks */ = {
			isa = PBXFrameworksBuildPhase;
			buildActionMask = 2147483647;
			files = (
			);
			runOnlyForDeploymentPostprocessing = 0;
		};
		9F5969CB2959BD3700E646B7 /* Frameworks */ = {
			isa = PBXFrameworksBuildPhase;
			buildActionMask = 2147483647;
			files = (
			);
			runOnlyForDeploymentPostprocessing = 0;
		};
/* End PBXFrameworksBuildPhase section */

/* Begin PBXGroup section */
		9F5969A52959BD3400E646B7 = {
			isa = PBXGroup;
			children = (
				9F5969B02959BD3400E646B7 /* Ridwan-Test */,
				9F5969C72959BD3700E646B7 /* Ridwan-TestTests */,
				9F5969D12959BD3700E646B7 /* Ridwan-TestUITests */,
				9F5969AF2959BD3400E646B7 /* Products */,
			);
			sourceTree = "<group>";
		};
		9F5969AF2959BD3400E646B7 /* Products */ = {
			isa = PBXGroup;
			children = (
				9F5969AE2959BD3400E646B7 /* Ridwan-Test.app */,
				9F5969C42959BD3700E646B7 /* Ridwan-TestTests.xctest */,
				9F5969CE2959BD3700E646B7 /* Ridwan-TestUITests.xctest */,
			);
			name = Products;
			sourceTree = "<group>";
		};
		9F5969B02959BD3400E646B7 /* Ridwan-Test */ = {
			isa = PBXGroup;
			children = (
				9F5969B12959BD3400E646B7 /* AppDelegate.swift */,
				9F5969B32959BD3400E646B7 /* SceneDelegate.swift */,
				9F5969B52959BD3400E646B7 /* ViewController.swift */,
				9F5969B72959BD3400E646B7 /* Main.storyboard */,
				9F5969BA2959BD3700E646B7 /* Assets.xcassets */,
				9F5969BC2959BD3700E646B7 /* LaunchScreen.storyboard */,
				9F5969BF2959BD3700E646B7 /* Info.plist */,
			);
			path = "Ridwan-Test";
			sourceTree = "<group>";
		};
		9F5969C72959BD3700E646B7 /* Ridwan-TestTests */ = {
			isa = PBXGroup;
			children = (
				9F5969C82959BD3700E646B7 /* Ridwan_TestTests.swift */,
			);
			path = "Ridwan-TestTests";
			sourceTree = "<group>";
		};
		9F5969D12959BD3700E646B7 /* Ridwan-TestUITests */ = {
			isa = PBXGroup;
			children = (
				9F5969D22959BD3700E646B7 /* Ridwan_TestUITests.swift */,
				9F5969D42959BD3700E646B7 /* Ridwan_TestUITestsLaunchTests.swift */,
			);
			path = "Ridwan-TestUITests";
			sourceTree = "<group>";
		};
/* End PBXGroup section */

/* Begin PBXNativeTarget section */
		9F5969AD2959BD3400E646B7 /* Ridwan-Test */ = {
			isa = PBXNativeTarget;
			buildConfigurationList = 9F5969D82959BD3700E646B7 /* Build configuration list for PBXNativeTarget "Ridwan-Test" */;
			buildPhases = (
				9F5969AA2959BD3400E646B7 /* Sources */,
				9F5969AB2959BD3400E646B7 /* Frameworks */,
				9F5969AC2959BD3400E646B7 /* Resources */,
			);
			buildRules = (
			);
			dependencies = (
			);
			name = "Ridwan-Test";
			productName = "Ridwan-Test";
			productReference = 9F5969AE2959BD3400E646B7 /* Ridwan-Test.app */;
			productType = "com.apple.product-type.application";
		};
		9F5969C32959BD3700E646B7 /* Ridwan-TestTests */ = {
			isa = PBXNativeTarget;
			buildConfigurationList = 9F5969DB2959BD3700E646B7 /* Build configuration list for PBXNativeTarget "Ridwan-TestTests" */;
			buildPhases = (
				9F5969C02959BD3700E646B7 /* Sources */,
				9F5969C12959BD3700E646B7 /* Frameworks */,
				9F5969C22959BD3700E646B7 /* Resources */,
			);
			buildRules = (
			);
			dependencies = (
				9F5969C62959BD3700E646B7 /* PBXTargetDependency */,
			);
			name = "Ridwan-TestTests";
			productName = "Ridwan-TestTests";
			productReference = 9F5969C42959BD3700E646B7 /* Ridwan-TestTests.xctest */;
			productType = "com.apple.product-type.bundle.unit-test";
		};
		9F5969CD2959BD3700E646B7 /* Ridwan-TestUITests */ = {
			isa = PBXNativeTarget;
			buildConfigurationList = 9F5969DE2959BD3700E646B7 /* Build configuration list for PBXNativeTarget "Ridwan-TestUITests" */;
			buildPhases = (
				9F5969CA2959BD3700E646B7 /* Sources */,
				9F5969CB2959BD3700E646B7 /* Frameworks */,
				9F5969CC2959BD3700E646B7 /* Resources */,
			);
			buildRules = (
			);
			dependencies = (
				9F5969D02959BD3700E646B7 /* PBXTargetDependency */,
			);
			name = "Ridwan-TestUITests";
			productName = "Ridwan-TestUITests";
			productReference = 9F5969CE2959BD3700E646B7 /* Ridwan-TestUITests.xctest */;
			productType = "com.apple.product-type.bundle.ui-testing";
		};
/* End PBXNativeTarget section */

/* Begin PBXProject section */
		9F5969A62959BD3400E646B7 /* Project object */ = {
			isa = PBXProject;
			attributes = {
				BuildIndependentTargetsInParallel = 1;
				LastSwiftUpdateCheck = 1420;
				LastUpgradeCheck = 1420;
				TargetAttributes = {
					9F5969AD2959BD3400E646B7 = {
						CreatedOnToolsVersion = 14.2;
					};
					9F5969C32959BD3700E646B7 = {
						CreatedOnToolsVersion = 14.2;
						TestTargetID = 9F5969AD2959BD3400E646B7;
					};
					9F5969CD2959BD3700E646B7 = {
						CreatedOnToolsVersion = 14.2;
						TestTargetID = 9F5969AD2959BD3400E646B7;
					};
				};
			};
			buildConfigurationList = 9F5969A92959BD3400E646B7 /* Build configuration list for PBXProject "Ridwan-Test" */;
			compatibilityVersion = "Xcode 14.0";
			developmentRegion = en;
			hasScannedForEncodings = 0;
			knownRegions = (
				en,
				Base,
			);
			mainGroup = 9F5969A52959BD3400E646B7;
			productRefGroup = 9F5969AF2959BD3400E646B7 /* Products */;
			projectDirPath = "";
			projectRoot = "";
			targets = (
				9F5969AD2959BD3400E646B7 /* Ridwan-Test */,
				9F5969C32959BD3700E646B7 /* Ridwan-TestTests */,
				9F5969CD2959BD3700E646B7 /* Ridwan-TestUITests */,
			);
		};
/* End PBXProject section */

/* Begin PBXResourcesBuildPhase section */
		9F5969AC2959BD3400E646B7 /* Resources */ = {
			isa = PBXResourcesBuildPhase;
			buildActionMask = 2147483647;
			files = (
				9F5969BE2959BD3700E646B7 /* LaunchScreen.storyboard in Resources */,
				9F5969BB2959BD3700E646B7 /* Assets.xcassets in Resources */,
				9F5969B92959BD3400E646B7 /* Main.storyboard in Resources */,
			);
			runOnlyForDeploymentPostprocessing = 0;
		};
		9F5969C22959BD3700E646B7 /* Resources */ = {
			isa = PBXResourcesBuildPhase;
			buildActionMask = 2147483647;
			files = (
			);
			runOnlyForDeploymentPostprocessing = 0;
		};
		9F5969CC2959BD3700E646B7 /* Resources */ = {
			isa = PBXResourcesBuildPhase;
			buildActionMask = 2147483647;
			files = (
			);
			runOnlyForDeploymentPostprocessing = 0;
		};
/* End PBXResourcesBuildPhase section */

/* Begin PBXSourcesBuildPhase section */
		9F5969AA2959BD3400E646B7 /* Sources */ = {
			isa = PBXSourcesBuildPhase;
			buildActionMask = 2147483647;
			files = (
				9F5969B62959BD3400E646B7 /* ViewController.swift in Sources */,
				9F5969B22959BD3400E646B7 /* AppDelegate.swift in Sources */,
				9F5969B42959BD3400E646B7 /* SceneDelegate.swift in Sources */,
			);
			runOnlyForDeploymentPostprocessing = 0;
		};
		9F5969C02959BD3700E646B7 /* Sources */ = {
			isa = PBXSourcesBuildPhase;
			buildActionMask = 2147483647;
			files = (
				9F5969C92959BD3700E646B7 /* Ridwan_TestTests.swift in Sources */,
			);
			runOnlyForDeploymentPostprocessing = 0;
		};
		9F5969CA2959BD3700E646B7 /* Sources */ = {
			isa = PBXSourcesBuildPhase;
			buildActionMask = 2147483647;
			files = (
				9F5969D32959BD3700E646B7 /* Ridwan_TestUITests.swift in Sources */,
				9F5969D52959BD3700E646B7 /* Ridwan_TestUITestsLaunchTests.swift in Sources */,
			);
			runOnlyForDeploymentPostprocessing = 0;
		};
/* End PBXSourcesBuildPhase section */

/* Begin PBXTargetDependency section */
		9F5969C62959BD3700E646B7 /* PBXTargetDependency */ = {
			isa = PBXTargetDependency;
			target = 9F5969AD2959BD3400E646B7 /* Ridwan-Test */;
			targetProxy = 9F5969C52959BD3700E646B7 /* PBXContainerItemProxy */;
		};
		9F5969D02959BD3700E646B7 /* PBXTargetDependency */ = {
			isa = PBXTargetDependency;
			target = 9F5969AD2959BD3400E646B7 /* Ridwan-Test */;
			targetProxy = 9F5969CF2959BD3700E646B7 /* PBXContainerItemProxy */;
		};
/* End PBXTargetDependency section */

/* Begin PBXVariantGroup section */
		9F5969B72959BD3400E646B7 /* Main.storyboard */ = {
			isa = PBXVariantGroup;
			children = (
				9F5969B82959BD3400E646B7 /* Base */,
			);
			name = Main.storyboard;
			sourceTree = "<group>";
		};
		9F5969BC2959BD3700E646B7 /* LaunchScreen.storyboard */ = {
			isa = PBXVariantGroup;
			children = (
				9F5969BD2959BD3700E646B7 /* Base */,
			);
			name = LaunchScreen.storyboard;
			sourceTree = "<group>";
		};
/* End PBXVariantGroup section */

/* Begin XCBuildConfiguration section */
		9F5969D62959BD3700E646B7 /* Debug */ = {
			isa = XCBuildConfiguration;
			buildSettings = {
				ALWAYS_SEARCH_USER_PATHS = NO;
				CLANG_ANALYZER_NONNULL = YES;
				CLANG_ANALYZER_NUMBER_OBJECT_CONVERSION = YES_AGGRESSIVE;
				CLANG_CXX_LANGUAGE_STANDARD = "gnu++20";
				CLANG_ENABLE_MODULES = YES;
				CLANG_ENABLE_OBJC_ARC = YES;
				CLANG_ENABLE_OBJC_WEAK = YES;
				CLANG_WARN_BLOCK_CAPTURE_AUTORELEASING = YES;
				CLANG_WARN_BOOL_CONVERSION = YES;
				CLANG_WARN_COMMA = YES;
				CLANG_WARN_CONSTANT_CONVERSION = YES;
				CLANG_WARN_DEPRECATED_OBJC_IMPLEMENTATIONS = YES;
				CLANG_WARN_DIRECT_OBJC_ISA_USAGE = YES_ERROR;
				CLANG_WARN_DOCUMENTATION_COMMENTS = YES;
				CLANG_WARN_EMPTY_BODY = YES;
				CLANG_WARN_ENUM_CONVERSION = YES;
				CLANG_WARN_INFINITE_RECURSION = YES;
				CLANG_WARN_INT_CONVERSION = YES;
				CLANG_WARN_NON_LITERAL_NULL_CONVERSION = YES;
				CLANG_WARN_OBJC_IMPLICIT_RETAIN_SELF = YES;
				CLANG_WARN_OBJC_LITERAL_CONVERSION = YES;
				CLANG_WARN_OBJC_ROOT_CLASS = YES_ERROR;
				CLANG_WARN_QUOTED_INCLUDE_IN_FRAMEWORK_HEADER = YES;
				CLANG_WARN_RANGE_LOOP_ANALYSIS = YES;
				CLANG_WARN_STRICT_PROTOTYPES = YES;
				CLANG_WARN_SUSPICIOUS_MOVE = YES;
				CLANG_WARN_UNGUARDED_AVAILABILITY = YES_AGGRESSIVE;
				CLANG_WARN_UNREACHABLE_CODE = YES;
				CLANG_WARN__DUPLICATE_METHOD_MATCH = YES;
				COPY_PHASE_STRIP = NO;
				DEBUG_INFORMATION_FORMAT = dwarf;
				ENABLE_STRICT_OBJC_MSGSEND = YES;
				ENABLE_TESTABILITY = YES;
				GCC_C_LANGUAGE_STANDARD = gnu11;
				GCC_DYNAMIC_NO_PIC = NO;
				GCC_NO_COMMON_BLOCKS = YES;
				GCC_OPTIMIZATION_LEVEL = 0;
				GCC_PREPROCESSOR_DEFINITIONS = (
					"DEBUG=1",
					"$(inherited)",
				);
				GCC_WARN_64_TO_32_BIT_CONVERSION = YES;
				GCC_WARN_ABOUT_RETURN_TYPE = YES_ERROR;
				GCC_WARN_UNDECLARED_SELECTOR = YES;
				GCC_WARN_UNINITIALIZED_AUTOS = YES_AGGRESSIVE;
				GCC_WARN_UNUSED_FUNCTION = YES;
				GCC_WARN_UNUSED_VARIABLE = YES;
				IPHONEOS_DEPLOYMENT_TARGET = 16.2;
				MTL_ENABLE_DEBUG_INFO = INCLUDE_SOURCE;
				MTL_FAST_MATH = YES;
				ONLY_ACTIVE_ARCH = YES;
				SDKROOT = iphoneos;
				SWIFT_ACTIVE_COMPILATION_CONDITIONS = DEBUG;
				SWIFT_OPTIMIZATION_LEVEL = "-Onone";
			};
			name = Debug;
		};
		9F5969D72959BD3700E646B7 /* Release */ = {
			isa = XCBuildConfiguration;
			buildSettings = {
				ALWAYS_SEARCH_USER_PATHS = NO;
				CLANG_ANALYZER_NONNULL = YES;
				CLANG_ANALYZER_NUMBER_OBJECT_CONVERSION = YES_AGGRESSIVE;
				CLANG_CXX_LANGUAGE_STANDARD = "gnu++20";
				CLANG_ENABLE_MODULES = YES;
				CLANG_ENABLE_OBJC_ARC = YES;
				CLANG_ENABLE_OBJC_WEAK = YES;
				CLANG_WARN_BLOCK_CAPTURE_AUTORELEASING = YES;
				CLANG_WARN_BOOL_CONVERSION = YES;
				CLANG_WARN_COMMA = YES;
				CLANG_WARN_CONSTANT_CONVERSION = YES;
				CLANG_WARN_DEPRECATED_OBJC_IMPLEMENTATIONS = YES;
				CLANG_WARN_DIRECT_OBJC_ISA_USAGE = YES_ERROR;
				CLANG_WARN_DOCUMENTATION_COMMENTS = YES;
				CLANG_WARN_EMPTY_BODY = YES;
				CLANG_WARN_ENUM_CONVERSION = YES;
				CLANG_WARN_INFINITE_RECURSION = YES;
				CLANG_WARN_INT_CONVERSION = YES;
				CLANG_WARN_NON_LITERAL_NULL_CONVERSION = YES;
				CLANG_WARN_OBJC_IMPLICIT_RETAIN_SELF = YES;
				CLANG_WARN_OBJC_LITERAL_CONVERSION = YES;
				CLANG_WARN_OBJC_ROOT_CLASS = YES_ERROR;
				CLANG_WARN_QUOTED_INCLUDE_IN_FRAMEWORK_HEADER = YES;
				CLANG_WARN_RANGE_LOOP_ANALYSIS = YES;
				CLANG_WARN_STRICT_PROTOTYPES = YES;
				CLANG_WARN_SUSPICIOUS_MOVE = YES;
				CLANG_WARN_UNGUARDED_AVAILABILITY = YES_AGGRESSIVE;
				CLANG_WARN_UNREACHABLE_CODE = YES;
				CLANG_WARN__DUPLICATE_METHOD_MATCH = YES;
				COPY_PHASE_STRIP = NO;
				DEBUG_INFORMATION_FORMAT = "dwarf-with-dsym";
				ENABLE_NS_ASSERTIONS = NO;
				ENABLE_STRICT_OBJC_MSGSEND = YES;
				GCC_C_LANGUAGE_STANDARD = gnu11;
				GCC_NO_COMMON_BLOCKS = YES;
				GCC_WARN_64_TO_32_BIT_CONVERSION = YES;
				GCC_WARN_ABOUT_RETURN_TYPE = YES_ERROR;
				GCC_WARN_UNDECLARED_SELECTOR = YES;
				GCC_WARN_UNINITIALIZED_AUTOS = YES_AGGRESSIVE;
				GCC_WARN_UNUSED_FUNCTION = YES;
				GCC_WARN_UNUSED_VARIABLE = YES;
				IPHONEOS_DEPLOYMENT_TARGET = 16.2;
				MTL_ENABLE_DEBUG_INFO = NO;
				MTL_FAST_MATH = YES;
				SDKROOT = iphoneos;
				SWIFT_COMPILATION_MODE = wholemodule;
				SWIFT_OPTIMIZATION_LEVEL = "-O";
				VALIDATE_PRODUCT = YES;
			};
			name = Release;
		};
		9F5969D92959BD3700E646B7 /* Debug */ = {
			isa = XCBuildConfiguration;
			buildSettings = {
				ASSETCATALOG_COMPILER_APPICON_NAME = AppIcon;
				ASSETCATALOG_COMPILER_GLOBAL_ACCENT_COLOR_NAME = AccentColor;
				CODE_SIGN_STYLE = Automatic;
				CURRENT_PROJECT_VERSION = 1;
				DEVELOPMENT_TEAM = 3QEVR7HRDU;
				GENERATE_INFOPLIST_FILE = YES;
				INFOPLIST_FILE = "Ridwan-Test/Info.plist";
				INFOPLIST_KEY_UIApplicationSupportsIndirectInputEvents = YES;
				INFOPLIST_KEY_UILaunchStoryboardName = LaunchScreen;
				INFOPLIST_KEY_UIMainStoryboardFile = Main;
				INFOPLIST_KEY_UISupportedInterfaceOrientations_iPad = "UIInterfaceOrientationPortrait UIInterfaceOrientationPortraitUpsideDown UIInterfaceOrientationLandscapeLeft UIInterfaceOrientationLandscapeRight";
				INFOPLIST_KEY_UISupportedInterfaceOrientations_iPhone = "UIInterfaceOrientationPortrait UIInterfaceOrientationLandscapeLeft UIInterfaceOrientationLandscapeRight";
				LD_RUNPATH_SEARCH_PATHS = (
					"$(inherited)",
					"@executable_path/Frameworks",
				);
				MARKETING_VERSION = 1.0;
				PRODUCT_BUNDLE_IDENTIFIER = "com.learn.Ridwan-Test";
				PRODUCT_NAME = "$(TARGET_NAME)";
				SWIFT_EMIT_LOC_STRINGS = YES;
				SWIFT_VERSION = 5.0;
				TARGETED_DEVICE_FAMILY = "1,2";
			};
			name = Debug;
		};
		9F5969DA2959BD3700E646B7 /* Release */ = {
			isa = XCBuildConfiguration;
			buildSettings = {
				ASSETCATALOG_COMPILER_APPICON_NAME = AppIcon;
				ASSETCATALOG_COMPILER_GLOBAL_ACCENT_COLOR_NAME = AccentColor;
				CODE_SIGN_STYLE = Automatic;
				CURRENT_PROJECT_VERSION = 1;
				DEVELOPMENT_TEAM = 3QEVR7HRDU;
				GENERATE_INFOPLIST_FILE = YES;
				INFOPLIST_FILE = "Ridwan-Test/Info.plist";
				INFOPLIST_KEY_UIApplicationSupportsIndirectInputEvents = YES;
				INFOPLIST_KEY_UILaunchStoryboardName = LaunchScreen;
				INFOPLIST_KEY_UIMainStoryboardFile = Main;
				INFOPLIST_KEY_UISupportedInterfaceOrientations_iPad = "UIInterfaceOrientationPortrait UIInterfaceOrientationPortraitUpsideDown UIInterfaceOrientationLandscapeLeft UIInterfaceOrientationLandscapeRight";
				INFOPLIST_KEY_UISupportedInterfaceOrientations_iPhone = "UIInterfaceOrientationPortrait UIInterfaceOrientationLandscapeLeft UIInterfaceOrientationLandscapeRight";
				LD_RUNPATH_SEARCH_PATHS = (
					"$(inherited)",
					"@executable_path/Frameworks",
				);
				MARKETING_VERSION = 1.0;
				PRODUCT_BUNDLE_IDENTIFIER = "com.learn.Ridwan-Test";
				PRODUCT_NAME = "$(TARGET_NAME)";
				SWIFT_EMIT_LOC_STRINGS = YES;
				SWIFT_VERSION = 5.0;
				TARGETED_DEVICE_FAMILY = "1,2";
			};
			name = Release;
		};
		9F5969DC2959BD3700E646B7 /* Debug */ = {
			isa = XCBuildConfiguration;
			buildSettings = {
				ALWAYS_EMBED_SWIFT_STANDARD_LIBRARIES = YES;
				BUNDLE_LOADER = "$(TEST_HOST)";
				CODE_SIGN_STYLE = Automatic;
				CURRENT_PROJECT_VERSION = 1;
				DEVELOPMENT_TEAM = 3QEVR7HRDU;
				GENERATE_INFOPLIST_FILE = YES;
				IPHONEOS_DEPLOYMENT_TARGET = 16.2;
				MARKETING_VERSION = 1.0;
				PRODUCT_BUNDLE_IDENTIFIER = "com.learn.Ridwan-TestTests";
				PRODUCT_NAME = "$(TARGET_NAME)";
				SWIFT_EMIT_LOC_STRINGS = NO;
				SWIFT_VERSION = 5.0;
				TARGETED_DEVICE_FAMILY = "1,2";
				TEST_HOST = "$(BUILT_PRODUCTS_DIR)/Ridwan-Test.app/$(BUNDLE_EXECUTABLE_FOLDER_PATH)/Ridwan-Test";
			};
			name = Debug;
		};
		9F5969DD2959BD3700E646B7 /* Release */ = {
			isa = XCBuildConfiguration;
			buildSettings = {
				ALWAYS_EMBED_SWIFT_STANDARD_LIBRARIES = YES;
				BUNDLE_LOADER = "$(TEST_HOST)";
				CODE_SIGN_STYLE = Automatic;
				CURRENT_PROJECT_VERSION = 1;
				DEVELOPMENT_TEAM = 3QEVR7HRDU;
				GENERATE_INFOPLIST_FILE = YES;
				IPHONEOS_DEPLOYMENT_TARGET = 16.2;
				MARKETING_VERSION = 1.0;
				PRODUCT_BUNDLE_IDENTIFIER = "com.learn.Ridwan-TestTests";
				PRODUCT_NAME = "$(TARGET_NAME)";
				SWIFT_EMIT_LOC_STRINGS = NO;
				SWIFT_VERSION = 5.0;
				TARGETED_DEVICE_FAMILY = "1,2";
				TEST_HOST = "$(BUILT_PRODUCTS_DIR)/Ridwan-Test.app/$(BUNDLE_EXECUTABLE_FOLDER_PATH)/Ridwan-Test";
			};
			name = Release;
		};
		9F5969DF2959BD3700E646B7 /* Debug */ = {
			isa = XCBuildConfiguration;
			buildSettings = {
				ALWAYS_EMBED_SWIFT_STANDARD_LIBRARIES = YES;
				CODE_SIGN_STYLE = Automatic;
				CURRENT_PROJECT_VERSION = 1;
				DEVELOPMENT_TEAM = 3QEVR7HRDU;
				GENERATE_INFOPLIST_FILE = YES;
				MARKETING_VERSION = 1.0;
				PRODUCT_BUNDLE_IDENTIFIER = "com.learn.Ridwan-TestUITests";
				PRODUCT_NAME = "$(TARGET_NAME)";
				SWIFT_EMIT_LOC_STRINGS = NO;
				SWIFT_VERSION = 5.0;
				TARGETED_DEVICE_FAMILY = "1,2";
				TEST_TARGET_NAME = "Ridwan-Test";
			};
			name = Debug;
		};
		9F5969E02959BD3700E646B7 /* Release */ = {
			isa = XCBuildConfiguration;
			buildSettings = {
				ALWAYS_EMBED_SWIFT_STANDARD_LIBRARIES = YES;
				CODE_SIGN_STYLE = Automatic;
				CURRENT_PROJECT_VERSION = 1;
				DEVELOPMENT_TEAM = 3QEVR7HRDU;
				GENERATE_INFOPLIST_FILE = YES;
				MARKETING_VERSION = 1.0;
				PRODUCT_BUNDLE_IDENTIFIER = "com.learn.Ridwan-TestUITests";
				PRODUCT_NAME = "$(TARGET_NAME)";
				SWIFT_EMIT_LOC_STRINGS = NO;
				SWIFT_VERSION = 5.0;
				TARGETED_DEVICE_FAMILY = "1,2";
				TEST_TARGET_NAME = "Ridwan-Test";
			};
			name = Release;
		};
/* End XCBuildConfiguration section */

/* Begin XCConfigurationList section */
		9F5969A92959BD3400E646B7 /* Build configuration list for PBXProject "Ridwan-Test" */ = {
			isa = XCConfigurationList;
			buildConfigurations = (
				9F5969D62959BD3700E646B7 /* Debug */,
				9F5969D72959BD3700E646B7 /* Release */,
			);
			defaultConfigurationIsVisible = 0;
			defaultConfigurationName = Release;
		};
		9F5969D82959BD3700E646B7 /* Build configuration list for PBXNativeTarget "Ridwan-Test" */ = {
			isa = XCConfigurationList;
			buildConfigurations = (
				9F5969D92959BD3700E646B7 /* Debug */,
				9F5969DA2959BD3700E646B7 /* Release */,
			);
			defaultConfigurationIsVisible = 0;
			defaultConfigurationName = Release;
		};
		9F5969DB2959BD3700E646B7 /* Build configuration list for PBXNativeTarget "Ridwan-TestTests" */ = {
			isa = XCConfigurationList;
			buildConfigurations = (
				9F5969DC2959BD3700E646B7 /* Debug */,
				9F5969DD2959BD3700E646B7 /* Release */,
			);
			defaultConfigurationIsVisible = 0;
			defaultConfigurationName = Release;
		};
		9F5969DE2959BD3700E646B7 /* Build configuration list for PBXNativeTarget "Ridwan-TestUITests" */ = {
			isa = XCConfigurationList;
			buildConfigurations = (
				9F5969DF2959BD3700E646B7 /* Debug */,
				9F5969E02959BD3700E646B7 /* Release */,
			);
			defaultConfigurationIsVisible = 0;
			defaultConfigurationName = Release;
		};
/* End XCConfigurationList section */
	};
	rootObject = 9F5969A62959BD3400E646B7 /* Project object */;
}
