// !$*UTF8*$!
{
	archiveVersion = 1;
	classes = {
	};
	objectVersion = 56;
	objects = {

/* Begin PBXBuildFile section */
		82563914B82CBFB890E0511D /* Pods_Ridwan_Test.framework in Frameworks */ = {isa = PBXBuildFile; fileRef = EE468FA0DFC3783B23F85056 /* Pods_Ridwan_Test.framework */; };
		9F5969B22959BD3400E646B7 /* AppDelegate.swift in Sources */ = {isa = PBXBuildFile; fileRef = 9F5969B12959BD3400E646B7 /* AppDelegate.swift */; };
		9F5969B92959BD3400E646B7 /* Main.storyboard in Resources */ = {isa = PBXBuildFile; fileRef = 9F5969B72959BD3400E646B7 /* Main.storyboard */; };
		9F5969BB2959BD3700E646B7 /* Assets.xcassets in Resources */ = {isa = PBXBuildFile; fileRef = 9F5969BA2959BD3700E646B7 /* Assets.xcassets */; };
		9F5969BE2959BD3700E646B7 /* LaunchScreen.storyboard in Resources */ = {isa = PBXBuildFile; fileRef = 9F5969BC2959BD3700E646B7 /* LaunchScreen.storyboard */; };
		9F5969C92959BD3700E646B7 /* Ridwan_TestTests.swift in Sources */ = {isa = PBXBuildFile; fileRef = 9F5969C82959BD3700E646B7 /* Ridwan_TestTests.swift */; };
		9F5969D32959BD3700E646B7 /* Ridwan_TestUITests.swift in Sources */ = {isa = PBXBuildFile; fileRef = 9F5969D22959BD3700E646B7 /* Ridwan_TestUITests.swift */; };
		9F5969D52959BD3700E646B7 /* Ridwan_TestUITestsLaunchTests.swift in Sources */ = {isa = PBXBuildFile; fileRef = 9F5969D42959BD3700E646B7 /* Ridwan_TestUITestsLaunchTests.swift */; };
		9F5969ED295A163900E646B7 /* AppCoordinator.swift in Sources */ = {isa = PBXBuildFile; fileRef = 9F5969EC295A163900E646B7 /* AppCoordinator.swift */; };
		9F5969EF295A16C500E646B7 /* AuthCoordinator.swift in Sources */ = {isa = PBXBuildFile; fileRef = 9F5969EE295A16C500E646B7 /* AuthCoordinator.swift */; };
		9F5969F1295A173400E646B7 /* LoginViewController.swift in Sources */ = {isa = PBXBuildFile; fileRef = 9F5969F0295A173400E646B7 /* LoginViewController.swift */; };
		9F5969F5295A249B00E646B7 /* Extension.swift in Sources */ = {isa = PBXBuildFile; fileRef = 9F5969F4295A249B00E646B7 /* Extension.swift */; };
		9F5969F7295A262300E646B7 /* TextfieldPassword.swift in Sources */ = {isa = PBXBuildFile; fileRef = 9F5969F6295A262300E646B7 /* TextfieldPassword.swift */; };
		9F5969F9295B2AB300E646B7 /* Constant.swift in Sources */ = {isa = PBXBuildFile; fileRef = 9F5969F8295B2AB300E646B7 /* Constant.swift */; };
		9F5969FB295B2EB900E646B7 /* LoginViewLayout.swift in Sources */ = {isa = PBXBuildFile; fileRef = 9F5969FA295B2EB900E646B7 /* LoginViewLayout.swift */; };
		9F596A05295B75A000E646B7 /* LoginModel.swift in Sources */ = {isa = PBXBuildFile; fileRef = 9F596A04295B75A000E646B7 /* LoginModel.swift */; };
		9F596A07295B79A200E646B7 /* AuthService.swift in Sources */ = {isa = PBXBuildFile; fileRef = 9F596A06295B79A200E646B7 /* AuthService.swift */; };
		9F596A09295BDD6700E646B7 /* StoreModel.swift in Sources */ = {isa = PBXBuildFile; fileRef = 9F596A08295BDD6700E646B7 /* StoreModel.swift */; };
		9F596A0D295BE5E700E646B7 /* HomeViewController.swift in Sources */ = {isa = PBXBuildFile; fileRef = 9F596A0C295BE5E700E646B7 /* HomeViewController.swift */; };
		9F596A0F295BE67900E646B7 /* HomeCoordinator.swift in Sources */ = {isa = PBXBuildFile; fileRef = 9F596A0E295BE67900E646B7 /* HomeCoordinator.swift */; };
		9F596A11295C3F2100E646B7 /* Toaster.swift in Sources */ = {isa = PBXBuildFile; fileRef = 9F596A10295C3F2100E646B7 /* Toaster.swift */; };
		9F596A14295C54B400E646B7 /* TableViewController.swift in Sources */ = {isa = PBXBuildFile; fileRef = 9F596A12295C54B400E646B7 /* TableViewController.swift */; };
		9F596A15295C54B400E646B7 /* TableViewCell.swift in Sources */ = {isa = PBXBuildFile; fileRef = 9F596A13295C54B400E646B7 /* TableViewCell.swift */; };
		9F596A17295C613000E646B7 /* HomeViewLayout.swift in Sources */ = {isa = PBXBuildFile; fileRef = 9F596A16295C613000E646B7 /* HomeViewLayout.swift */; };
		9F596A19295C9F5700E646B7 /* StoreListCell.swift in Sources */ = {isa = PBXBuildFile; fileRef = 9F596A18295C9F5700E646B7 /* StoreListCell.swift */; };
		9F596A1B295CB8DF00E646B7 /* ViewModel.swift in Sources */ = {isa = PBXBuildFile; fileRef = 9F596A1A295CB8DF00E646B7 /* ViewModel.swift */; };
		9F596A1D295CB90A00E646B7 /* StoreViewModel.swift in Sources */ = {isa = PBXBuildFile; fileRef = 9F596A1C295CB90A00E646B7 /* StoreViewModel.swift */; };
		9F596A1F295CBD9D00E646B7 /* StoreTableController.swift in Sources */ = {isa = PBXBuildFile; fileRef = 9F596A1E295CBD9D00E646B7 /* StoreTableController.swift */; };
		9F596A21295CD07100E646B7 /* StoreDetailViewController.swift in Sources */ = {isa = PBXBuildFile; fileRef = 9F596A20295CD07100E646B7 /* StoreDetailViewController.swift */; };
		9F596A23295D593600E646B7 /* AnnotationModel.swift in Sources */ = {isa = PBXBuildFile; fileRef = 9F596A22295D593600E646B7 /* AnnotationModel.swift */; };
		9F596A25295D7CA500E646B7 /* StoreDetailViewLayout.swift in Sources */ = {isa = PBXBuildFile; fileRef = 9F596A24295D7CA500E646B7 /* StoreDetailViewLayout.swift */; };
/* End PBXBuildFile section */

/* Begin PBXContainerItemProxy section */
		9F5969C52959BD3700E646B7 /* PBXContainerItemProxy */ = {
			isa = PBXContainerItemProxy;
			containerPortal = 9F5969A62959BD3400E646B7 /* Project object */;
			proxyType = 1;
			remoteGlobalIDString = 9F5969AD2959BD3400E646B7;
			remoteInfo = "Ridwan-Test";
		};
		9F5969CF2959BD3700E646B7 /* PBXContainerItemProxy */ = {
			isa = PBXContainerItemProxy;
			containerPortal = 9F5969A62959BD3400E646B7 /* Project object */;
			proxyType = 1;
			remoteGlobalIDString = 9F5969AD2959BD3400E646B7;
			remoteInfo = "Ridwan-Test";
		};
/* End PBXContainerItemProxy section */

/* Begin PBXFileReference section */
		0A9E15D08DC605A1BE173D49 /* Pods-Ridwan-Test.debug.xcconfig */ = {isa = PBXFileReference; includeInIndex = 1; lastKnownFileType = text.xcconfig; name = "Pods-Ridwan-Test.debug.xcconfig"; path = "Target Support Files/Pods-Ridwan-Test/Pods-Ridwan-Test.debug.xcconfig"; sourceTree = "<group>"; };
		2F7367247339B2FECBCDD136 /* Pods-Ridwan-Test.release.xcconfig */ = {isa = PBXFileReference; includeInIndex = 1; lastKnownFileType = text.xcconfig; name = "Pods-Ridwan-Test.release.xcconfig"; path = "Target Support Files/Pods-Ridwan-Test/Pods-Ridwan-Test.release.xcconfig"; sourceTree = "<group>"; };
		9F5969AE2959BD3400E646B7 /* Ridwan-Test.app */ = {isa = PBXFileReference; explicitFileType = wrapper.application; includeInIndex = 0; path = "Ridwan-Test.app"; sourceTree = BUILT_PRODUCTS_DIR; };
		9F5969B12959BD3400E646B7 /* AppDelegate.swift */ = {isa = PBXFileReference; lastKnownFileType = sourcecode.swift; path = AppDelegate.swift; sourceTree = "<group>"; };
		9F5969B82959BD3400E646B7 /* Base */ = {isa = PBXFileReference; lastKnownFileType = file.storyboard; name = Base; path = Base.lproj/Main.storyboard; sourceTree = "<group>"; };
		9F5969BA2959BD3700E646B7 /* Assets.xcassets */ = {isa = PBXFileReference; lastKnownFileType = folder.assetcatalog; path = Assets.xcassets; sourceTree = "<group>"; };
		9F5969BD2959BD3700E646B7 /* Base */ = {isa = PBXFileReference; lastKnownFileType = file.storyboard; name = Base; path = Base.lproj/LaunchScreen.storyboard; sourceTree = "<group>"; };
		9F5969C42959BD3700E646B7 /* Ridwan-TestTests.xctest */ = {isa = PBXFileReference; explicitFileType = wrapper.cfbundle; includeInIndex = 0; path = "Ridwan-TestTests.xctest"; sourceTree = BUILT_PRODUCTS_DIR; };
		9F5969C82959BD3700E646B7 /* Ridwan_TestTests.swift */ = {isa = PBXFileReference; lastKnownFileType = sourcecode.swift; path = Ridwan_TestTests.swift; sourceTree = "<group>"; };
		9F5969CE2959BD3700E646B7 /* Ridwan-TestUITests.xctest */ = {isa = PBXFileReference; explicitFileType = wrapper.cfbundle; includeInIndex = 0; path = "Ridwan-TestUITests.xctest"; sourceTree = BUILT_PRODUCTS_DIR; };
		9F5969D22959BD3700E646B7 /* Ridwan_TestUITests.swift */ = {isa = PBXFileReference; lastKnownFileType = sourcecode.swift; path = Ridwan_TestUITests.swift; sourceTree = "<group>"; };
		9F5969D42959BD3700E646B7 /* Ridwan_TestUITestsLaunchTests.swift */ = {isa = PBXFileReference; lastKnownFileType = sourcecode.swift; path = Ridwan_TestUITestsLaunchTests.swift; sourceTree = "<group>"; };
		9F5969EC295A163900E646B7 /* AppCoordinator.swift */ = {isa = PBXFileReference; lastKnownFileType = sourcecode.swift; path = AppCoordinator.swift; sourceTree = "<group>"; };
		9F5969EE295A16C500E646B7 /* AuthCoordinator.swift */ = {isa = PBXFileReference; lastKnownFileType = sourcecode.swift; path = AuthCoordinator.swift; sourceTree = "<group>"; };
		9F5969F0295A173400E646B7 /* LoginViewController.swift */ = {isa = PBXFileReference; lastKnownFileType = sourcecode.swift; path = LoginViewController.swift; sourceTree = "<group>"; };
		9F5969F2295A1A1D00E646B7 /* Info.plist */ = {isa = PBXFileReference; fileEncoding = 4; lastKnownFileType = text.plist.xml; path = Info.plist; sourceTree = "<group>"; };
		9F5969F4295A249B00E646B7 /* Extension.swift */ = {isa = PBXFileReference; lastKnownFileType = sourcecode.swift; path = Extension.swift; sourceTree = "<group>"; };
		9F5969F6295A262300E646B7 /* TextfieldPassword.swift */ = {isa = PBXFileReference; lastKnownFileType = sourcecode.swift; path = TextfieldPassword.swift; sourceTree = "<group>"; };
		9F5969F8295B2AB300E646B7 /* Constant.swift */ = {isa = PBXFileReference; lastKnownFileType = sourcecode.swift; path = Constant.swift; sourceTree = "<group>"; };
		9F5969FA295B2EB900E646B7 /* LoginViewLayout.swift */ = {isa = PBXFileReference; lastKnownFileType = sourcecode.swift; path = LoginViewLayout.swift; sourceTree = "<group>"; };
		9F596A04295B75A000E646B7 /* LoginModel.swift */ = {isa = PBXFileReference; lastKnownFileType = sourcecode.swift; path = LoginModel.swift; sourceTree = "<group>"; };
		9F596A06295B79A200E646B7 /* AuthService.swift */ = {isa = PBXFileReference; lastKnownFileType = sourcecode.swift; path = AuthService.swift; sourceTree = "<group>"; };
		9F596A08295BDD6700E646B7 /* StoreModel.swift */ = {isa = PBXFileReference; lastKnownFileType = sourcecode.swift; path = StoreModel.swift; sourceTree = "<group>"; };
		9F596A0C295BE5E700E646B7 /* HomeViewController.swift */ = {isa = PBXFileReference; lastKnownFileType = sourcecode.swift; path = HomeViewController.swift; sourceTree = "<group>"; };
		9F596A0E295BE67900E646B7 /* HomeCoordinator.swift */ = {isa = PBXFileReference; lastKnownFileType = sourcecode.swift; path = HomeCoordinator.swift; sourceTree = "<group>"; };
		9F596A10295C3F2100E646B7 /* Toaster.swift */ = {isa = PBXFileReference; lastKnownFileType = sourcecode.swift; path = Toaster.swift; sourceTree = "<group>"; };
		9F596A12295C54B400E646B7 /* TableViewController.swift */ = {isa = PBXFileReference; fileEncoding = 4; lastKnownFileType = sourcecode.swift; path = TableViewController.swift; sourceTree = "<group>"; };
		9F596A13295C54B400E646B7 /* TableViewCell.swift */ = {isa = PBXFileReference; fileEncoding = 4; lastKnownFileType = sourcecode.swift; path = TableViewCell.swift; sourceTree = "<group>"; };
		9F596A16295C613000E646B7 /* HomeViewLayout.swift */ = {isa = PBXFileReference; lastKnownFileType = sourcecode.swift; path = HomeViewLayout.swift; sourceTree = "<group>"; };
		9F596A18295C9F5700E646B7 /* StoreListCell.swift */ = {isa = PBXFileReference; lastKnownFileType = sourcecode.swift; path = StoreListCell.swift; sourceTree = "<group>"; };
		9F596A1A295CB8DF00E646B7 /* ViewModel.swift */ = {isa = PBXFileReference; fileEncoding = 4; lastKnownFileType = sourcecode.swift; path = ViewModel.swift; sourceTree = "<group>"; };
		9F596A1C295CB90A00E646B7 /* StoreViewModel.swift */ = {isa = PBXFileReference; lastKnownFileType = sourcecode.swift; path = StoreViewModel.swift; sourceTree = "<group>"; };
		9F596A1E295CBD9D00E646B7 /* StoreTableController.swift */ = {isa = PBXFileReference; lastKnownFileType = sourcecode.swift; path = StoreTableController.swift; sourceTree = "<group>"; };
		9F596A20295CD07100E646B7 /* StoreDetailViewController.swift */ = {isa = PBXFileReference; lastKnownFileType = sourcecode.swift; path = StoreDetailViewController.swift; sourceTree = "<group>"; };
		9F596A22295D593600E646B7 /* AnnotationModel.swift */ = {isa = PBXFileReference; lastKnownFileType = sourcecode.swift; path = AnnotationModel.swift; sourceTree = "<group>"; };
		9F596A24295D7CA500E646B7 /* StoreDetailViewLayout.swift */ = {isa = PBXFileReference; lastKnownFileType = sourcecode.swift; path = StoreDetailViewLayout.swift; sourceTree = "<group>"; };
		EE468FA0DFC3783B23F85056 /* Pods_Ridwan_Test.framework */ = {isa = PBXFileReference; explicitFileType = wrapper.framework; includeInIndex = 0; path = Pods_Ridwan_Test.framework; sourceTree = BUILT_PRODUCTS_DIR; };
/* End PBXFileReference section */

/* Begin PBXFrameworksBuildPhase section */
		9F5969AB2959BD3400E646B7 /* Frameworks */ = {
			isa = PBXFrameworksBuildPhase;
			buildActionMask = 2147483647;
			files = (
				82563914B82CBFB890E0511D /* Pods_Ridwan_Test.framework in Frameworks */,
			);
			runOnlyForDeploymentPostprocessing = 0;
		};
		9F5969C12959BD3700E646B7 /* Frameworks */ = {
			isa = PBXFrameworksBuildPhase;
			buildActionMask = 2147483647;
			files = (
			);
			runOnlyForDeploymentPostprocessing = 0;
		};
		9F5969CB2959BD3700E646B7 /* Frameworks */ = {
			isa = PBXFrameworksBuildPhase;
			buildActionMask = 2147483647;
			files = (
			);
			runOnlyForDeploymentPostprocessing = 0;
		};
/* End PBXFrameworksBuildPhase section */

/* Begin PBXGroup section */
		67E950258CC609AA086BF1DB /* Frameworks */ = {
			isa = PBXGroup;
			children = (
				EE468FA0DFC3783B23F85056 /* Pods_Ridwan_Test.framework */,
			);
			name = Frameworks;
			sourceTree = "<group>";
		};
		9F5969A52959BD3400E646B7 = {
			isa = PBXGroup;
			children = (
				9F5969B02959BD3400E646B7 /* Ridwan-Test */,
				9F5969C72959BD3700E646B7 /* Ridwan-TestTests */,
				9F5969D12959BD3700E646B7 /* Ridwan-TestUITests */,
				9F5969AF2959BD3400E646B7 /* Products */,
				F46AEA2A448B3667083BF457 /* Pods */,
				67E950258CC609AA086BF1DB /* Frameworks */,
			);
			sourceTree = "<group>";
		};
		9F5969AF2959BD3400E646B7 /* Products */ = {
			isa = PBXGroup;
			children = (
				9F5969AE2959BD3400E646B7 /* Ridwan-Test.app */,
				9F5969C42959BD3700E646B7 /* Ridwan-TestTests.xctest */,
				9F5969CE2959BD3700E646B7 /* Ridwan-TestUITests.xctest */,
			);
			name = Products;
			sourceTree = "<group>";
		};
		9F5969B02959BD3400E646B7 /* Ridwan-Test */ = {
			isa = PBXGroup;
			children = (
				9F5969F2295A1A1D00E646B7 /* Info.plist */,
				9F5969EB2959C0C400E646B7 /* Utils */,
				9F5969EA2959C05500E646B7 /* Others */,
				9F5969E12959BE2E00E646B7 /* Modules */,
				9F5969B72959BD3400E646B7 /* Main.storyboard */,
				9F5969BA2959BD3700E646B7 /* Assets.xcassets */,
				9F5969BC2959BD3700E646B7 /* LaunchScreen.storyboard */,
			);
			path = "Ridwan-Test";
			sourceTree = "<group>";
		};
		9F5969C72959BD3700E646B7 /* Ridwan-TestTests */ = {
			isa = PBXGroup;
			children = (
				9F5969C82959BD3700E646B7 /* Ridwan_TestTests.swift */,
			);
			path = "Ridwan-TestTests";
			sourceTree = "<group>";
		};
		9F5969D12959BD3700E646B7 /* Ridwan-TestUITests */ = {
			isa = PBXGroup;
			children = (
				9F5969D22959BD3700E646B7 /* Ridwan_TestUITests.swift */,
				9F5969D42959BD3700E646B7 /* Ridwan_TestUITestsLaunchTests.swift */,
			);
			path = "Ridwan-TestUITests";
			sourceTree = "<group>";
		};
		9F5969E12959BE2E00E646B7 /* Modules */ = {
			isa = PBXGroup;
			children = (
				9F5969FC295B324900E646B7 /* Home */,
				9F5969E22959BE3900E646B7 /* Auth */,
			);
			path = Modules;
			sourceTree = "<group>";
		};
		9F5969E22959BE3900E646B7 /* Auth */ = {
			isa = PBXGroup;
			children = (
				9F5969E32959BE5100E646B7 /* Controllers */,
				9F5969E62959BEB800E646B7 /* Coordinator */,
				9F5969E52959BE9C00E646B7 /* Layouts */,
				9F5969E42959BE7E00E646B7 /* Models */,
				9F5969E72959BEDE00E646B7 /* Services */,
				9F5969E92959BEFA00E646B7 /* View Model */,
				9F5969E82959BEF000E646B7 /* Views */,
			);
			path = Auth;
			sourceTree = "<group>";
		};
		9F5969E32959BE5100E646B7 /* Controllers */ = {
			isa = PBXGroup;
			children = (
				9F5969F0295A173400E646B7 /* LoginViewController.swift */,
			);
			path = Controllers;
			sourceTree = "<group>";
		};
		9F5969E42959BE7E00E646B7 /* Models */ = {
			isa = PBXGroup;
			children = (
				9F596A04295B75A000E646B7 /* LoginModel.swift */,
			);
			path = Models;
			sourceTree = "<group>";
		};
		9F5969E52959BE9C00E646B7 /* Layouts */ = {
			isa = PBXGroup;
			children = (
				9F5969FA295B2EB900E646B7 /* LoginViewLayout.swift */,
			);
			path = Layouts;
			sourceTree = "<group>";
		};
		9F5969E62959BEB800E646B7 /* Coordinator */ = {
			isa = PBXGroup;
			children = (
				9F5969EE295A16C500E646B7 /* AuthCoordinator.swift */,
			);
			path = Coordinator;
			sourceTree = "<group>";
		};
		9F5969E72959BEDE00E646B7 /* Services */ = {
			isa = PBXGroup;
			children = (
				9F596A06295B79A200E646B7 /* AuthService.swift */,
			);
			path = Services;
			sourceTree = "<group>";
		};
		9F5969E82959BEF000E646B7 /* Views */ = {
			isa = PBXGroup;
			children = (
			);
			path = Views;
			sourceTree = "<group>";
		};
		9F5969E92959BEFA00E646B7 /* View Model */ = {
			isa = PBXGroup;
			children = (
			);
			path = "View Model";
			sourceTree = "<group>";
		};
		9F5969EA2959C05500E646B7 /* Others */ = {
			isa = PBXGroup;
			children = (
				9F5969B12959BD3400E646B7 /* AppDelegate.swift */,
				9F5969EC295A163900E646B7 /* AppCoordinator.swift */,
			);
			path = Others;
			sourceTree = "<group>";
		};
		9F5969EB2959C0C400E646B7 /* Utils */ = {
			isa = PBXGroup;
			children = (
				9F596A1A295CB8DF00E646B7 /* ViewModel.swift */,
				9F596A13295C54B400E646B7 /* TableViewCell.swift */,
				9F596A12295C54B400E646B7 /* TableViewController.swift */,
				9F5969F4295A249B00E646B7 /* Extension.swift */,
				9F5969F6295A262300E646B7 /* TextfieldPassword.swift */,
				9F5969F8295B2AB300E646B7 /* Constant.swift */,
				9F596A10295C3F2100E646B7 /* Toaster.swift */,
			);
			path = Utils;
			sourceTree = "<group>";
		};
		9F5969FC295B324900E646B7 /* Home */ = {
			isa = PBXGroup;
			children = (
				9F596A03295B756400E646B7 /* Views */,
				9F596A02295B755600E646B7 /* View Model */,
				9F596A01295B754A00E646B7 /* Service */,
				9F596A00295B754000E646B7 /* Models */,
				9F5969FF295B753400E646B7 /* Layouts */,
				9F5969FE295B752200E646B7 /* Coordinator */,
				9F5969FD295B751600E646B7 /* Controller */,
			);
			path = Home;
			sourceTree = "<group>";
		};
		9F5969FD295B751600E646B7 /* Controller */ = {
			isa = PBXGroup;
			children = (
				9F596A0C295BE5E700E646B7 /* HomeViewController.swift */,
				9F596A1E295CBD9D00E646B7 /* StoreTableController.swift */,
				9F596A20295CD07100E646B7 /* StoreDetailViewController.swift */,
			);
			path = Controller;
			sourceTree = "<group>";
		};
		9F5969FE295B752200E646B7 /* Coordinator */ = {
			isa = PBXGroup;
			children = (
				9F596A0E295BE67900E646B7 /* HomeCoordinator.swift */,
			);
			path = Coordinator;
			sourceTree = "<group>";
		};
		9F5969FF295B753400E646B7 /* Layouts */ = {
			isa = PBXGroup;
			children = (
				9F596A16295C613000E646B7 /* HomeViewLayout.swift */,
				9F596A24295D7CA500E646B7 /* StoreDetailViewLayout.swift */,
			);
			path = Layouts;
			sourceTree = "<group>";
		};
		9F596A00295B754000E646B7 /* Models */ = {
			isa = PBXGroup;
			children = (
				9F596A08295BDD6700E646B7 /* StoreModel.swift */,
				9F596A22295D593600E646B7 /* AnnotationModel.swift */,
			);
			path = Models;
			sourceTree = "<group>";
		};
		9F596A01295B754A00E646B7 /* Service */ = {
			isa = PBXGroup;
			children = (
			);
			path = Service;
			sourceTree = "<group>";
		};
		9F596A02295B755600E646B7 /* View Model */ = {
			isa = PBXGroup;
			children = (
				9F596A1C295CB90A00E646B7 /* StoreViewModel.swift */,
			);
			path = "View Model";
			sourceTree = "<group>";
		};
		9F596A03295B756400E646B7 /* Views */ = {
			isa = PBXGroup;
			children = (
				9F596A18295C9F5700E646B7 /* StoreListCell.swift */,
			);
			path = Views;
			sourceTree = "<group>";
		};
		F46AEA2A448B3667083BF457 /* Pods */ = {
			isa = PBXGroup;
			children = (
				0A9E15D08DC605A1BE173D49 /* Pods-Ridwan-Test.debug.xcconfig */,
				2F7367247339B2FECBCDD136 /* Pods-Ridwan-Test.release.xcconfig */,
			);
			path = Pods;
			sourceTree = "<group>";
		};
/* End PBXGroup section */

/* Begin PBXNativeTarget section */
		9F5969AD2959BD3400E646B7 /* Ridwan-Test */ = {
			isa = PBXNativeTarget;
			buildConfigurationList = 9F5969D82959BD3700E646B7 /* Build configuration list for PBXNativeTarget "Ridwan-Test" */;
			buildPhases = (
				CA3EB14C497A815C2A195C9F /* [CP] Check Pods Manifest.lock */,
				9F5969AA2959BD3400E646B7 /* Sources */,
				9F5969AB2959BD3400E646B7 /* Frameworks */,
				9F5969AC2959BD3400E646B7 /* Resources */,
				3D41B2AC8ECD0290E1287C3E /* [CP] Embed Pods Frameworks */,
			);
			buildRules = (
			);
			dependencies = (
			);
			name = "Ridwan-Test";
			productName = "Ridwan-Test";
			productReference = 9F5969AE2959BD3400E646B7 /* Ridwan-Test.app */;
			productType = "com.apple.product-type.application";
		};
		9F5969C32959BD3700E646B7 /* Ridwan-TestTests */ = {
			isa = PBXNativeTarget;
			buildConfigurationList = 9F5969DB2959BD3700E646B7 /* Build configuration list for PBXNativeTarget "Ridwan-TestTests" */;
			buildPhases = (
				9F5969C02959BD3700E646B7 /* Sources */,
				9F5969C12959BD3700E646B7 /* Frameworks */,
				9F5969C22959BD3700E646B7 /* Resources */,
			);
			buildRules = (
			);
			dependencies = (
				9F5969C62959BD3700E646B7 /* PBXTargetDependency */,
			);
			name = "Ridwan-TestTests";
			productName = "Ridwan-TestTests";
			productReference = 9F5969C42959BD3700E646B7 /* Ridwan-TestTests.xctest */;
			productType = "com.apple.product-type.bundle.unit-test";
		};
		9F5969CD2959BD3700E646B7 /* Ridwan-TestUITests */ = {
			isa = PBXNativeTarget;
			buildConfigurationList = 9F5969DE2959BD3700E646B7 /* Build configuration list for PBXNativeTarget "Ridwan-TestUITests" */;
			buildPhases = (
				9F5969CA2959BD3700E646B7 /* Sources */,
				9F5969CB2959BD3700E646B7 /* Frameworks */,
				9F5969CC2959BD3700E646B7 /* Resources */,
			);
			buildRules = (
			);
			dependencies = (
				9F5969D02959BD3700E646B7 /* PBXTargetDependency */,
			);
			name = "Ridwan-TestUITests";
			productName = "Ridwan-TestUITests";
			productReference = 9F5969CE2959BD3700E646B7 /* Ridwan-TestUITests.xctest */;
			productType = "com.apple.product-type.bundle.ui-testing";
		};
/* End PBXNativeTarget section */

/* Begin PBXProject section */
		9F5969A62959BD3400E646B7 /* Project object */ = {
			isa = PBXProject;
			attributes = {
				BuildIndependentTargetsInParallel = 1;
				LastSwiftUpdateCheck = 1420;
				LastUpgradeCheck = 1420;
				TargetAttributes = {
					9F5969AD2959BD3400E646B7 = {
						CreatedOnToolsVersion = 14.2;
					};
					9F5969C32959BD3700E646B7 = {
						CreatedOnToolsVersion = 14.2;
						TestTargetID = 9F5969AD2959BD3400E646B7;
					};
					9F5969CD2959BD3700E646B7 = {
						CreatedOnToolsVersion = 14.2;
						TestTargetID = 9F5969AD2959BD3400E646B7;
					};
				};
			};
			buildConfigurationList = 9F5969A92959BD3400E646B7 /* Build configuration list for PBXProject "Ridwan-Test" */;
			compatibilityVersion = "Xcode 14.0";
			developmentRegion = en;
			hasScannedForEncodings = 0;
			knownRegions = (
				en,
				Base,
			);
			mainGroup = 9F5969A52959BD3400E646B7;
			productRefGroup = 9F5969AF2959BD3400E646B7 /* Products */;
			projectDirPath = "";
			projectRoot = "";
			targets = (
				9F5969AD2959BD3400E646B7 /* Ridwan-Test */,
				9F5969C32959BD3700E646B7 /* Ridwan-TestTests */,
				9F5969CD2959BD3700E646B7 /* Ridwan-TestUITests */,
			);
		};
/* End PBXProject section */

/* Begin PBXResourcesBuildPhase section */
		9F5969AC2959BD3400E646B7 /* Resources */ = {
			isa = PBXResourcesBuildPhase;
			buildActionMask = 2147483647;
			files = (
				9F5969BE2959BD3700E646B7 /* LaunchScreen.storyboard in Resources */,
				9F5969BB2959BD3700E646B7 /* Assets.xcassets in Resources */,
				9F5969B92959BD3400E646B7 /* Main.storyboard in Resources */,
			);
			runOnlyForDeploymentPostprocessing = 0;
		};
		9F5969C22959BD3700E646B7 /* Resources */ = {
			isa = PBXResourcesBuildPhase;
			buildActionMask = 2147483647;
			files = (
			);
			runOnlyForDeploymentPostprocessing = 0;
		};
		9F5969CC2959BD3700E646B7 /* Resources */ = {
			isa = PBXResourcesBuildPhase;
			buildActionMask = 2147483647;
			files = (
			);
			runOnlyForDeploymentPostprocessing = 0;
		};
/* End PBXResourcesBuildPhase section */

/* Begin PBXShellScriptBuildPhase section */
		3D41B2AC8ECD0290E1287C3E /* [CP] Embed Pods Frameworks */ = {
			isa = PBXShellScriptBuildPhase;
			buildActionMask = 2147483647;
			files = (
			);
			inputFileListPaths = (
				"${PODS_ROOT}/Target Support Files/Pods-Ridwan-Test/Pods-Ridwan-Test-frameworks-${CONFIGURATION}-input-files.xcfilelist",
			);
			name = "[CP] Embed Pods Frameworks";
			outputFileListPaths = (
				"${PODS_ROOT}/Target Support Files/Pods-Ridwan-Test/Pods-Ridwan-Test-frameworks-${CONFIGURATION}-output-files.xcfilelist",
			);
			runOnlyForDeploymentPostprocessing = 0;
			shellPath = /bin/sh;
			shellScript = "\"${PODS_ROOT}/Target Support Files/Pods-Ridwan-Test/Pods-Ridwan-Test-frameworks.sh\"\n";
			showEnvVarsInLog = 0;
		};
		CA3EB14C497A815C2A195C9F /* [CP] Check Pods Manifest.lock */ = {
			isa = PBXShellScriptBuildPhase;
			buildActionMask = 2147483647;
			files = (
			);
			inputFileListPaths = (
			);
			inputPaths = (
				"${PODS_PODFILE_DIR_PATH}/Podfile.lock",
				"${PODS_ROOT}/Manifest.lock",
			);
			name = "[CP] Check Pods Manifest.lock";
			outputFileListPaths = (
			);
			outputPaths = (
				"$(DERIVED_FILE_DIR)/Pods-Ridwan-Test-checkManifestLockResult.txt",
			);
			runOnlyForDeploymentPostprocessing = 0;
			shellPath = /bin/sh;
			shellScript = "diff \"${PODS_PODFILE_DIR_PATH}/Podfile.lock\" \"${PODS_ROOT}/Manifest.lock\" > /dev/null\nif [ $? != 0 ] ; then\n    # print error to STDERR\n    echo \"error: The sandbox is not in sync with the Podfile.lock. Run 'pod install' or update your CocoaPods installation.\" >&2\n    exit 1\nfi\n# This output is used by Xcode 'outputs' to avoid re-running this script phase.\necho \"SUCCESS\" > \"${SCRIPT_OUTPUT_FILE_0}\"\n";
			showEnvVarsInLog = 0;
		};
/* End PBXShellScriptBuildPhase section */

/* Begin PBXSourcesBuildPhase section */
		9F5969AA2959BD3400E646B7 /* Sources */ = {
			isa = PBXSourcesBuildPhase;
			buildActionMask = 2147483647;
			files = (
				9F5969EF295A16C500E646B7 /* AuthCoordinator.swift in Sources */,
				9F596A15295C54B400E646B7 /* TableViewCell.swift in Sources */,
				9F5969F1295A173400E646B7 /* LoginViewController.swift in Sources */,
				9F596A09295BDD6700E646B7 /* StoreModel.swift in Sources */,
				9F596A17295C613000E646B7 /* HomeViewLayout.swift in Sources */,
				9F5969F9295B2AB300E646B7 /* Constant.swift in Sources */,
				9F5969F5295A249B00E646B7 /* Extension.swift in Sources */,
				9F596A05295B75A000E646B7 /* LoginModel.swift in Sources */,
				9F596A1D295CB90A00E646B7 /* StoreViewModel.swift in Sources */,
				9F596A11295C3F2100E646B7 /* Toaster.swift in Sources */,
				9F5969ED295A163900E646B7 /* AppCoordinator.swift in Sources */,
				9F5969B22959BD3400E646B7 /* AppDelegate.swift in Sources */,
				9F596A1B295CB8DF00E646B7 /* ViewModel.swift in Sources */,
				9F596A21295CD07100E646B7 /* StoreDetailViewController.swift in Sources */,
				9F596A23295D593600E646B7 /* AnnotationModel.swift in Sources */,
				9F596A25295D7CA500E646B7 /* StoreDetailViewLayout.swift in Sources */,
				9F596A1F295CBD9D00E646B7 /* StoreTableController.swift in Sources */,
				9F596A19295C9F5700E646B7 /* StoreListCell.swift in Sources */,
				9F596A0F295BE67900E646B7 /* HomeCoordinator.swift in Sources */,
				9F596A07295B79A200E646B7 /* AuthService.swift in Sources */,
				9F5969F7295A262300E646B7 /* TextfieldPassword.swift in Sources */,
				9F5969FB295B2EB900E646B7 /* LoginViewLayout.swift in Sources */,
				9F596A14295C54B400E646B7 /* TableViewController.swift in Sources */,
				9F596A0D295BE5E700E646B7 /* HomeViewController.swift in Sources */,
			);
			runOnlyForDeploymentPostprocessing = 0;
		};
		9F5969C02959BD3700E646B7 /* Sources */ = {
			isa = PBXSourcesBuildPhase;
			buildActionMask = 2147483647;
			files = (
				9F5969C92959BD3700E646B7 /* Ridwan_TestTests.swift in Sources */,
			);
			runOnlyForDeploymentPostprocessing = 0;
		};
		9F5969CA2959BD3700E646B7 /* Sources */ = {
			isa = PBXSourcesBuildPhase;
			buildActionMask = 2147483647;
			files = (
				9F5969D32959BD3700E646B7 /* Ridwan_TestUITests.swift in Sources */,
				9F5969D52959BD3700E646B7 /* Ridwan_TestUITestsLaunchTests.swift in Sources */,
			);
			runOnlyForDeploymentPostprocessing = 0;
		};
/* End PBXSourcesBuildPhase section */

/* Begin PBXTargetDependency section */
		9F5969C62959BD3700E646B7 /* PBXTargetDependency */ = {
			isa = PBXTargetDependency;
			target = 9F5969AD2959BD3400E646B7 /* Ridwan-Test */;
			targetProxy = 9F5969C52959BD3700E646B7 /* PBXContainerItemProxy */;
		};
		9F5969D02959BD3700E646B7 /* PBXTargetDependency */ = {
			isa = PBXTargetDependency;
			target = 9F5969AD2959BD3400E646B7 /* Ridwan-Test */;
			targetProxy = 9F5969CF2959BD3700E646B7 /* PBXContainerItemProxy */;
		};
/* End PBXTargetDependency section */

/* Begin PBXVariantGroup section */
		9F5969B72959BD3400E646B7 /* Main.storyboard */ = {
			isa = PBXVariantGroup;
			children = (
				9F5969B82959BD3400E646B7 /* Base */,
			);
			name = Main.storyboard;
			sourceTree = "<group>";
		};
		9F5969BC2959BD3700E646B7 /* LaunchScreen.storyboard */ = {
			isa = PBXVariantGroup;
			children = (
				9F5969BD2959BD3700E646B7 /* Base */,
			);
			name = LaunchScreen.storyboard;
			sourceTree = "<group>";
		};
/* End PBXVariantGroup section */

/* Begin XCBuildConfiguration section */
		9F5969D62959BD3700E646B7 /* Debug */ = {
			isa = XCBuildConfiguration;
			buildSettings = {
				ALWAYS_SEARCH_USER_PATHS = NO;
				CLANG_ANALYZER_NONNULL = YES;
				CLANG_ANALYZER_NUMBER_OBJECT_CONVERSION = YES_AGGRESSIVE;
				CLANG_CXX_LANGUAGE_STANDARD = "gnu++20";
				CLANG_ENABLE_MODULES = YES;
				CLANG_ENABLE_OBJC_ARC = YES;
				CLANG_ENABLE_OBJC_WEAK = YES;
				CLANG_WARN_BLOCK_CAPTURE_AUTORELEASING = YES;
				CLANG_WARN_BOOL_CONVERSION = YES;
				CLANG_WARN_COMMA = YES;
				CLANG_WARN_CONSTANT_CONVERSION = YES;
				CLANG_WARN_DEPRECATED_OBJC_IMPLEMENTATIONS = YES;
				CLANG_WARN_DIRECT_OBJC_ISA_USAGE = YES_ERROR;
				CLANG_WARN_DOCUMENTATION_COMMENTS = YES;
				CLANG_WARN_EMPTY_BODY = YES;
				CLANG_WARN_ENUM_CONVERSION = YES;
				CLANG_WARN_INFINITE_RECURSION = YES;
				CLANG_WARN_INT_CONVERSION = YES;
				CLANG_WARN_NON_LITERAL_NULL_CONVERSION = YES;
				CLANG_WARN_OBJC_IMPLICIT_RETAIN_SELF = YES;
				CLANG_WARN_OBJC_LITERAL_CONVERSION = YES;
				CLANG_WARN_OBJC_ROOT_CLASS = YES_ERROR;
				CLANG_WARN_QUOTED_INCLUDE_IN_FRAMEWORK_HEADER = YES;
				CLANG_WARN_RANGE_LOOP_ANALYSIS = YES;
				CLANG_WARN_STRICT_PROTOTYPES = YES;
				CLANG_WARN_SUSPICIOUS_MOVE = YES;
				CLANG_WARN_UNGUARDED_AVAILABILITY = YES_AGGRESSIVE;
				CLANG_WARN_UNREACHABLE_CODE = YES;
				CLANG_WARN__DUPLICATE_METHOD_MATCH = YES;
				COPY_PHASE_STRIP = NO;
				DEBUG_INFORMATION_FORMAT = dwarf;
				ENABLE_STRICT_OBJC_MSGSEND = YES;
				ENABLE_TESTABILITY = YES;
				GCC_C_LANGUAGE_STANDARD = gnu11;
				GCC_DYNAMIC_NO_PIC = NO;
				GCC_NO_COMMON_BLOCKS = YES;
				GCC_OPTIMIZATION_LEVEL = 0;
				GCC_PREPROCESSOR_DEFINITIONS = (
					"DEBUG=1",
					"$(inherited)",
				);
				GCC_WARN_64_TO_32_BIT_CONVERSION = YES;
				GCC_WARN_ABOUT_RETURN_TYPE = YES_ERROR;
				GCC_WARN_UNDECLARED_SELECTOR = YES;
				GCC_WARN_UNINITIALIZED_AUTOS = YES_AGGRESSIVE;
				GCC_WARN_UNUSED_FUNCTION = YES;
				GCC_WARN_UNUSED_VARIABLE = YES;
				IPHONEOS_DEPLOYMENT_TARGET = 16.2;
				MTL_ENABLE_DEBUG_INFO = INCLUDE_SOURCE;
				MTL_FAST_MATH = YES;
				ONLY_ACTIVE_ARCH = YES;
				SDKROOT = iphoneos;
				SWIFT_ACTIVE_COMPILATION_CONDITIONS = DEBUG;
				SWIFT_OPTIMIZATION_LEVEL = "-Onone";
				SWIFT_VERSION = 5.0;
			};
			name = Debug;
		};
		9F5969D72959BD3700E646B7 /* Release */ = {
			isa = XCBuildConfiguration;
			buildSettings = {
				ALWAYS_SEARCH_USER_PATHS = NO;
				CLANG_ANALYZER_NONNULL = YES;
				CLANG_ANALYZER_NUMBER_OBJECT_CONVERSION = YES_AGGRESSIVE;
				CLANG_CXX_LANGUAGE_STANDARD = "gnu++20";
				CLANG_ENABLE_MODULES = YES;
				CLANG_ENABLE_OBJC_ARC = YES;
				CLANG_ENABLE_OBJC_WEAK = YES;
				CLANG_WARN_BLOCK_CAPTURE_AUTORELEASING = YES;
				CLANG_WARN_BOOL_CONVERSION = YES;
				CLANG_WARN_COMMA = YES;
				CLANG_WARN_CONSTANT_CONVERSION = YES;
				CLANG_WARN_DEPRECATED_OBJC_IMPLEMENTATIONS = YES;
				CLANG_WARN_DIRECT_OBJC_ISA_USAGE = YES_ERROR;
				CLANG_WARN_DOCUMENTATION_COMMENTS = YES;
				CLANG_WARN_EMPTY_BODY = YES;
				CLANG_WARN_ENUM_CONVERSION = YES;
				CLANG_WARN_INFINITE_RECURSION = YES;
				CLANG_WARN_INT_CONVERSION = YES;
				CLANG_WARN_NON_LITERAL_NULL_CONVERSION = YES;
				CLANG_WARN_OBJC_IMPLICIT_RETAIN_SELF = YES;
				CLANG_WARN_OBJC_LITERAL_CONVERSION = YES;
				CLANG_WARN_OBJC_ROOT_CLASS = YES_ERROR;
				CLANG_WARN_QUOTED_INCLUDE_IN_FRAMEWORK_HEADER = YES;
				CLANG_WARN_RANGE_LOOP_ANALYSIS = YES;
				CLANG_WARN_STRICT_PROTOTYPES = YES;
				CLANG_WARN_SUSPICIOUS_MOVE = YES;
				CLANG_WARN_UNGUARDED_AVAILABILITY = YES_AGGRESSIVE;
				CLANG_WARN_UNREACHABLE_CODE = YES;
				CLANG_WARN__DUPLICATE_METHOD_MATCH = YES;
				COPY_PHASE_STRIP = NO;
				DEBUG_INFORMATION_FORMAT = "dwarf-with-dsym";
				ENABLE_NS_ASSERTIONS = NO;
				ENABLE_STRICT_OBJC_MSGSEND = YES;
				GCC_C_LANGUAGE_STANDARD = gnu11;
				GCC_NO_COMMON_BLOCKS = YES;
				GCC_WARN_64_TO_32_BIT_CONVERSION = YES;
				GCC_WARN_ABOUT_RETURN_TYPE = YES_ERROR;
				GCC_WARN_UNDECLARED_SELECTOR = YES;
				GCC_WARN_UNINITIALIZED_AUTOS = YES_AGGRESSIVE;
				GCC_WARN_UNUSED_FUNCTION = YES;
				GCC_WARN_UNUSED_VARIABLE = YES;
				IPHONEOS_DEPLOYMENT_TARGET = 16.2;
				MTL_ENABLE_DEBUG_INFO = NO;
				MTL_FAST_MATH = YES;
				SDKROOT = iphoneos;
				SWIFT_COMPILATION_MODE = wholemodule;
				SWIFT_OPTIMIZATION_LEVEL = "-O";
				SWIFT_VERSION = 5.0;
				VALIDATE_PRODUCT = YES;
			};
			name = Release;
		};
		9F5969D92959BD3700E646B7 /* Debug */ = {
			isa = XCBuildConfiguration;
			baseConfigurationReference = 0A9E15D08DC605A1BE173D49 /* Pods-Ridwan-Test.debug.xcconfig */;
			buildSettings = {
				ASSETCATALOG_COMPILER_APPICON_NAME = AppIcon;
				ASSETCATALOG_COMPILER_GLOBAL_ACCENT_COLOR_NAME = AccentColor;
				CODE_SIGN_STYLE = Automatic;
				CURRENT_PROJECT_VERSION = 1;
				DEVELOPMENT_TEAM = 3QEVR7HRDU;
				GENERATE_INFOPLIST_FILE = YES;
				INFOPLIST_FILE = "Ridwan-Test/Info.plist";
				INFOPLIST_KEY_UIApplicationSupportsIndirectInputEvents = YES;
				INFOPLIST_KEY_UILaunchStoryboardName = LaunchScreen;
				INFOPLIST_KEY_UIMainStoryboardFile = Main;
				INFOPLIST_KEY_UISupportedInterfaceOrientations_iPad = "UIInterfaceOrientationPortrait UIInterfaceOrientationPortraitUpsideDown UIInterfaceOrientationLandscapeLeft UIInterfaceOrientationLandscapeRight";
				INFOPLIST_KEY_UISupportedInterfaceOrientations_iPhone = "UIInterfaceOrientationPortrait UIInterfaceOrientationLandscapeLeft UIInterfaceOrientationLandscapeRight";
				IPHONEOS_DEPLOYMENT_TARGET = 15.0;
				LD_RUNPATH_SEARCH_PATHS = (
					"$(inherited)",
					"@executable_path/Frameworks",
				);
				MARKETING_VERSION = 1.0;
				PRODUCT_BUNDLE_IDENTIFIER = "com.learn.Ridwan-Test";
				PRODUCT_NAME = "$(TARGET_NAME)";
				SWIFT_EMIT_LOC_STRINGS = YES;
				SWIFT_VERSION = 5.0;
				TARGETED_DEVICE_FAMILY = "1,2";
			};
			name = Debug;
		};
		9F5969DA2959BD3700E646B7 /* Release */ = {
			isa = XCBuildConfiguration;
			baseConfigurationReference = 2F7367247339B2FECBCDD136 /* Pods-Ridwan-Test.release.xcconfig */;
			buildSettings = {
				ASSETCATALOG_COMPILER_APPICON_NAME = AppIcon;
				ASSETCATALOG_COMPILER_GLOBAL_ACCENT_COLOR_NAME = AccentColor;
				CODE_SIGN_STYLE = Automatic;
				CURRENT_PROJECT_VERSION = 1;
				DEVELOPMENT_TEAM = 3QEVR7HRDU;
				GENERATE_INFOPLIST_FILE = YES;
				INFOPLIST_FILE = "Ridwan-Test/Info.plist";
				INFOPLIST_KEY_UIApplicationSupportsIndirectInputEvents = YES;
				INFOPLIST_KEY_UILaunchStoryboardName = LaunchScreen;
				INFOPLIST_KEY_UIMainStoryboardFile = Main;
				INFOPLIST_KEY_UISupportedInterfaceOrientations_iPad = "UIInterfaceOrientationPortrait UIInterfaceOrientationPortraitUpsideDown UIInterfaceOrientationLandscapeLeft UIInterfaceOrientationLandscapeRight";
				INFOPLIST_KEY_UISupportedInterfaceOrientations_iPhone = "UIInterfaceOrientationPortrait UIInterfaceOrientationLandscapeLeft UIInterfaceOrientationLandscapeRight";
				IPHONEOS_DEPLOYMENT_TARGET = 15.0;
				LD_RUNPATH_SEARCH_PATHS = (
					"$(inherited)",
					"@executable_path/Frameworks",
				);
				MARKETING_VERSION = 1.0;
				PRODUCT_BUNDLE_IDENTIFIER = "com.learn.Ridwan-Test";
				PRODUCT_NAME = "$(TARGET_NAME)";
				SWIFT_EMIT_LOC_STRINGS = YES;
				SWIFT_VERSION = 5.0;
				TARGETED_DEVICE_FAMILY = "1,2";
			};
			name = Release;
		};
		9F5969DC2959BD3700E646B7 /* Debug */ = {
			isa = XCBuildConfiguration;
			buildSettings = {
				ALWAYS_EMBED_SWIFT_STANDARD_LIBRARIES = YES;
				BUNDLE_LOADER = "$(TEST_HOST)";
				CODE_SIGN_STYLE = Automatic;
				CURRENT_PROJECT_VERSION = 1;
				DEVELOPMENT_TEAM = 3QEVR7HRDU;
				GENERATE_INFOPLIST_FILE = YES;
				IPHONEOS_DEPLOYMENT_TARGET = 16.2;
				MARKETING_VERSION = 1.0;
				PRODUCT_BUNDLE_IDENTIFIER = "com.learn.Ridwan-TestTests";
				PRODUCT_NAME = "$(TARGET_NAME)";
				SWIFT_EMIT_LOC_STRINGS = NO;
				SWIFT_VERSION = 5.0;
				TARGETED_DEVICE_FAMILY = "1,2";
				TEST_HOST = "$(BUILT_PRODUCTS_DIR)/Ridwan-Test.app/$(BUNDLE_EXECUTABLE_FOLDER_PATH)/Ridwan-Test";
			};
			name = Debug;
		};
		9F5969DD2959BD3700E646B7 /* Release */ = {
			isa = XCBuildConfiguration;
			buildSettings = {
				ALWAYS_EMBED_SWIFT_STANDARD_LIBRARIES = YES;
				BUNDLE_LOADER = "$(TEST_HOST)";
				CODE_SIGN_STYLE = Automatic;
				CURRENT_PROJECT_VERSION = 1;
				DEVELOPMENT_TEAM = 3QEVR7HRDU;
				GENERATE_INFOPLIST_FILE = YES;
				IPHONEOS_DEPLOYMENT_TARGET = 16.2;
				MARKETING_VERSION = 1.0;
				PRODUCT_BUNDLE_IDENTIFIER = "com.learn.Ridwan-TestTests";
				PRODUCT_NAME = "$(TARGET_NAME)";
				SWIFT_EMIT_LOC_STRINGS = NO;
				SWIFT_VERSION = 5.0;
				TARGETED_DEVICE_FAMILY = "1,2";
				TEST_HOST = "$(BUILT_PRODUCTS_DIR)/Ridwan-Test.app/$(BUNDLE_EXECUTABLE_FOLDER_PATH)/Ridwan-Test";
			};
			name = Release;
		};
		9F5969DF2959BD3700E646B7 /* Debug */ = {
			isa = XCBuildConfiguration;
			buildSettings = {
				ALWAYS_EMBED_SWIFT_STANDARD_LIBRARIES = YES;
				CODE_SIGN_STYLE = Automatic;
				CURRENT_PROJECT_VERSION = 1;
				DEVELOPMENT_TEAM = 3QEVR7HRDU;
				GENERATE_INFOPLIST_FILE = YES;
				MARKETING_VERSION = 1.0;
				PRODUCT_BUNDLE_IDENTIFIER = "com.learn.Ridwan-TestUITests";
				PRODUCT_NAME = "$(TARGET_NAME)";
				SWIFT_EMIT_LOC_STRINGS = NO;
				SWIFT_VERSION = 5.0;
				TARGETED_DEVICE_FAMILY = "1,2";
				TEST_TARGET_NAME = "Ridwan-Test";
			};
			name = Debug;
		};
		9F5969E02959BD3700E646B7 /* Release */ = {
			isa = XCBuildConfiguration;
			buildSettings = {
				ALWAYS_EMBED_SWIFT_STANDARD_LIBRARIES = YES;
				CODE_SIGN_STYLE = Automatic;
				CURRENT_PROJECT_VERSION = 1;
				DEVELOPMENT_TEAM = 3QEVR7HRDU;
				GENERATE_INFOPLIST_FILE = YES;
				MARKETING_VERSION = 1.0;
				PRODUCT_BUNDLE_IDENTIFIER = "com.learn.Ridwan-TestUITests";
				PRODUCT_NAME = "$(TARGET_NAME)";
				SWIFT_EMIT_LOC_STRINGS = NO;
				SWIFT_VERSION = 5.0;
				TARGETED_DEVICE_FAMILY = "1,2";
				TEST_TARGET_NAME = "Ridwan-Test";
			};
			name = Release;
		};
/* End XCBuildConfiguration section */

/* Begin XCConfigurationList section */
		9F5969A92959BD3400E646B7 /* Build configuration list for PBXProject "Ridwan-Test" */ = {
			isa = XCConfigurationList;
			buildConfigurations = (
				9F5969D62959BD3700E646B7 /* Debug */,
				9F5969D72959BD3700E646B7 /* Release */,
			);
			defaultConfigurationIsVisible = 0;
			defaultConfigurationName = Release;
		};
		9F5969D82959BD3700E646B7 /* Build configuration list for PBXNativeTarget "Ridwan-Test" */ = {
			isa = XCConfigurationList;
			buildConfigurations = (
				9F5969D92959BD3700E646B7 /* Debug */,
				9F5969DA2959BD3700E646B7 /* Release */,
			);
			defaultConfigurationIsVisible = 0;
			defaultConfigurationName = Release;
		};
		9F5969DB2959BD3700E646B7 /* Build configuration list for PBXNativeTarget "Ridwan-TestTests" */ = {
			isa = XCConfigurationList;
			buildConfigurations = (
				9F5969DC2959BD3700E646B7 /* Debug */,
				9F5969DD2959BD3700E646B7 /* Release */,
			);
			defaultConfigurationIsVisible = 0;
			defaultConfigurationName = Release;
		};
		9F5969DE2959BD3700E646B7 /* Build configuration list for PBXNativeTarget "Ridwan-TestUITests" */ = {
			isa = XCConfigurationList;
			buildConfigurations = (
				9F5969DF2959BD3700E646B7 /* Debug */,
				9F5969E02959BD3700E646B7 /* Release */,
			);
			defaultConfigurationIsVisible = 0;
			defaultConfigurationName = Release;
		};
/* End XCConfigurationList section */
	};
	rootObject = 9F5969A62959BD3400E646B7 /* Project object */;
}
